{
  "name": "ajs-clone",
  "version": "1.0.0",
  "lockfileVersion": 1,
  "requires": true,
  "dependencies": {
    "@vapanov/ajs": {
      "version": "1.0.0",
      "resolved": "https://npm.pkg.github.com/download/@vapanov/ajs/1.0.0/ff67372f282a12abebb447c7e4fbda19887f65e1aadcc6b3e8d766b9665d228b",
      "integrity": "sha512-b6u7DVPnetBjgPYoyNwbytMoRU+FbgEDzAJCKZcB9BLem1EtMNcdxDNuCOz6OPGP/BFq+ivdHckeXCW0gpZFKg=="
    }
  }
}
